Microsoft Visual Studio Solution File, Format Version 12.00
# Visual Studio Version 17
VisualStudioVersion = 17.5.2.0
MinimumVisualStudioVersion = 10.0.40219.1
Project("{FAE04EC0-301F-11D3-BF4B-00C04F79EFBC}") = "GarnetServer", "GarnetServer.csproj", "{FEB8DA86-1FE3-6794-7969-62F0F1C45D46}"
EndProject
Global
	GlobalSection(SolutionConfigurationPlatforms) = preSolution
		Debug|Any CPU = Debug|Any CPU
		Release|Any CPU = Release|Any CPU
	EndGlobalSection
	GlobalSection(ProjectConfigurationPlatforms) = postSolution
		{FEB8DA86-1FE3-6794-7969-62F0F1C45D46}.Debug|Any CPU.ActiveCfg = Debug|Any CPU
		{FEB8DA86-1FE3-6794-7969-62F0F1C45D46}.Debug|Any CPU.Build.0 = Debug|Any CPU
		{FEB8DA86-1FE3-6794-7969-62F0F1C45D46}.Release|Any CPU.ActiveCfg = Release|Any CPU
		{FEB8DA86-1FE3-6794-7969-62F0F1C45D46}.Release|Any CPU.Build.0 = Release|Any CPU
	EndGlobalSection
	GlobalSection(SolutionProperties) = preSolution
		HideSolutionNode = FALSE
	EndGlobalSection
	GlobalSection(ExtensibilityGlobals) = postSolution
		SolutionGuid = {7698DFD0-2319-4527-AED8-F71C2F80F4DA}
	EndGlobalSection
EndGlobal
